
Microsoft Visual Studio Solution File, Format Version 12.00
# Visual Studio Version 17
VisualStudioVersion = 17.14.36301.6
MinimumVisualStudioVersion = 10.0.40219.1
Project("{FAE04EC0-301F-11D3-BF4B-00C04F79EFBC}") = "ABSHybridX", "ABSHybridX\ABSHybridX.csproj", "{93DBEFD5-18F1-4A13-BE50-82DBC6C25120}"
EndProject
Project("{FAE04EC0-301F-11D3-BF4B-00C04F79EFBC}") = "Contracts", "Contracts\Contracts.csproj", "{EA1D7F4C-CE28-4B29-9586-03B2950DF097}"
EndProject
Project("{FAE04EC0-301F-11D3-BF4B-00C04F79EFBC}") = "Entities", "Entities\Entities.csproj", "{108740A9-5BBC-45E3-B5F3-3C184E949D0F}"
EndProject
Project("{FAE04EC0-301F-11D3-BF4B-00C04F79EFBC}") = "LoggerService", "LoggerService\LoggerService.csproj", "{66F56875-C25D-41D3-89A1-A5AF031B13E6}"
EndProject
Project("{FAE04EC0-301F-11D3-BF4B-00C04F79EFBC}") = "Repository", "Repository\Repository.csproj", "{56BC53E2-3341-4714-B6DB-CC695193CDA2}"
EndProject
Project("{FAE04EC0-301F-11D3-BF4B-00C04F79EFBC}") = "Service.Contracts", "Service.Contracts\Service.Contracts.csproj", "{F9019A65-387F-4F45-9379-4E903A414BE2}"
EndProject
Project("{FAE04EC0-301F-11D3-BF4B-00C04F79EFBC}") = "Service", "Service\Service.csproj", "{728614C1-E08F-4AB8-AC7F-E4BA54368AC9}"
EndProject
Project("{FAE04EC0-301F-11D3-BF4B-00C04F79EFBC}") = "Shared", "Shared\Shared.csproj", "{F8DA9FB7-AA29-432F-8D8F-1A98B1E4CE2E}"
EndProject
Project("{FAE04EC0-301F-11D3-BF4B-00C04F79EFBC}") = "Enums", "Enums\Enums.csproj", "{F2EE9F56-603B-4943-8042-4EF7BB2A2064}"
EndProject
Global
	GlobalSection(SolutionConfigurationPlatforms) = preSolution
		Debug|Any CPU = Debug|Any CPU
		Release|Any CPU = Release|Any CPU
	EndGlobalSection
	GlobalSection(ProjectConfigurationPlatforms) = postSolution
		{93DBEFD5-18F1-4A13-BE50-82DBC6C25120}.Debug|Any CPU.ActiveCfg = Debug|Any CPU
		{93DBEFD5-18F1-4A13-BE50-82DBC6C25120}.Debug|Any CPU.Build.0 = Debug|Any CPU
		{93DBEFD5-18F1-4A13-BE50-82DBC6C25120}.Debug|Any CPU.Deploy.0 = Debug|Any CPU
		{93DBEFD5-18F1-4A13-BE50-82DBC6C25120}.Release|Any CPU.ActiveCfg = Release|Any CPU
		{93DBEFD5-18F1-4A13-BE50-82DBC6C25120}.Release|Any CPU.Build.0 = Release|Any CPU
		{93DBEFD5-18F1-4A13-BE50-82DBC6C25120}.Release|Any CPU.Deploy.0 = Release|Any CPU
		{EA1D7F4C-CE28-4B29-9586-03B2950DF097}.Debug|Any CPU.ActiveCfg = Debug|Any CPU
		{EA1D7F4C-CE28-4B29-9586-03B2950DF097}.Debug|Any CPU.Build.0 = Debug|Any CPU
		{EA1D7F4C-CE28-4B29-9586-03B2950DF097}.Release|Any CPU.ActiveCfg = Release|Any CPU
		{EA1D7F4C-CE28-4B29-9586-03B2950DF097}.Release|Any CPU.Build.0 = Release|Any CPU
		{108740A9-5BBC-45E3-B5F3-3C184E949D0F}.Debug|Any CPU.ActiveCfg = Debug|Any CPU
		{108740A9-5BBC-45E3-B5F3-3C184E949D0F}.Debug|Any CPU.Build.0 = Debug|Any CPU
		{108740A9-5BBC-45E3-B5F3-3C184E949D0F}.Release|Any CPU.ActiveCfg = Release|Any CPU
		{108740A9-5BBC-45E3-B5F3-3C184E949D0F}.Release|Any CPU.Build.0 = Release|Any CPU
		{66F56875-C25D-41D3-89A1-A5AF031B13E6}.Debug|Any CPU.ActiveCfg = Debug|Any CPU
		{66F56875-C25D-41D3-89A1-A5AF031B13E6}.Debug|Any CPU.Build.0 = Debug|Any CPU
		{66F56875-C25D-41D3-89A1-A5AF031B13E6}.Release|Any CPU.ActiveCfg = Release|Any CPU
		{66F56875-C25D-41D3-89A1-A5AF031B13E6}.Release|Any CPU.Build.0 = Release|Any CPU
		{56BC53E2-3341-4714-B6DB-CC695193CDA2}.Debug|Any CPU.ActiveCfg = Debug|Any CPU
		{56BC53E2-3341-4714-B6DB-CC695193CDA2}.Debug|Any CPU.Build.0 = Debug|Any CPU
		{56BC53E2-3341-4714-B6DB-CC695193CDA2}.Release|Any CPU.ActiveCfg = Release|Any CPU
		{56BC53E2-3341-4714-B6DB-CC695193CDA2}.Release|Any CPU.Build.0 = Release|Any CPU
		{F9019A65-387F-4F45-9379-4E903A414BE2}.Debug|Any CPU.ActiveCfg = Debug|Any CPU
		{F9019A65-387F-4F45-9379-4E903A414BE2}.Debug|Any CPU.Build.0 = Debug|Any CPU
		{F9019A65-387F-4F45-9379-4E903A414BE2}.Release|Any CPU.ActiveCfg = Release|Any CPU
		{F9019A65-387F-4F45-9379-4E903A414BE2}.Release|Any CPU.Build.0 = Release|Any CPU
		{728614C1-E08F-4AB8-AC7F-E4BA54368AC9}.Debug|Any CPU.ActiveCfg = Debug|Any CPU
		{728614C1-E08F-4AB8-AC7F-E4BA54368AC9}.Debug|Any CPU.Build.0 = Debug|Any CPU
		{728614C1-E08F-4AB8-AC7F-E4BA54368AC9}.Release|Any CPU.ActiveCfg = Release|Any CPU
		{728614C1-E08F-4AB8-AC7F-E4BA54368AC9}.Release|Any CPU.Build.0 = Release|Any CPU
		{F8DA9FB7-AA29-432F-8D8F-1A98B1E4CE2E}.Debug|Any CPU.ActiveCfg = Debug|Any CPU
		{F8DA9FB7-AA29-432F-8D8F-1A98B1E4CE2E}.Debug|Any CPU.Build.0 = Debug|Any CPU
		{F8DA9FB7-AA29-432F-8D8F-1A98B1E4CE2E}.Release|Any CPU.ActiveCfg = Release|Any CPU
		{F8DA9FB7-AA29-432F-8D8F-1A98B1E4CE2E}.Release|Any CPU.Build.0 = Release|Any CPU
		{F2EE9F56-603B-4943-8042-4EF7BB2A2064}.Debug|Any CPU.ActiveCfg = Debug|Any CPU
		{F2EE9F56-603B-4943-8042-4EF7BB2A2064}.Debug|Any CPU.Build.0 = Debug|Any CPU
		{F2EE9F56-603B-4943-8042-4EF7BB2A2064}.Release|Any CPU.ActiveCfg = Release|Any CPU
		{F2EE9F56-603B-4943-8042-4EF7BB2A2064}.Release|Any CPU.Build.0 = Release|Any CPU
	EndGlobalSection
	GlobalSection(SolutionProperties) = preSolution
		HideSolutionNode = FALSE
	EndGlobalSection
	GlobalSection(ExtensibilityGlobals) = postSolution
		SolutionGuid = {2669E3F8-96A8-4333-B8D3-FF1DEC96DDAB}
	EndGlobalSection
EndGlobal
